
Microsoft Visual Studio Solution File, Format Version 12.00
# Visual Studio Version 17
VisualStudioVersion = 17.7.34031.279
MinimumVisualStudioVersion = 10.0.40219.1
Project("{9A19103F-16F7-4668-BE54-9A1E7A4F7556}") = "ForumSibsau", "ForumSibsau\ForumSibsau.csproj", "{3222219B-5D5F-4265-85F1-E03F291D26E3}"
EndProject
Global
	GlobalSection(SolutionConfigurationPlatforms) = preSolution
		Debug|Any CPU = Debug|Any CPU
		Release|Any CPU = Release|Any CPU
	EndGlobalSection
	GlobalSection(ProjectConfigurationPlatforms) = postSolution
		{3222219B-5D5F-4265-85F1-E03F291D26E3}.Debug|Any CPU.ActiveCfg = Debug|Any CPU
		{3222219B-5D5F-4265-85F1-E03F291D26E3}.Debug|Any CPU.Build.0 = Debug|Any CPU
		{3222219B-5D5F-4265-85F1-E03F291D26E3}.Release|Any CPU.ActiveCfg = Release|Any CPU
		{3222219B-5D5F-4265-85F1-E03F291D26E3}.Release|Any CPU.Build.0 = Release|Any CPU
	EndGlobalSection
	GlobalSection(SolutionProperties) = preSolution
		HideSolutionNode = FALSE
	EndGlobalSection
	GlobalSection(ExtensibilityGlobals) = postSolution
		SolutionGuid = {AF3ABB1F-9AC2-4212-B7D0-59723673DC38}
	EndGlobalSection
EndGlobal
